
Microsoft Visual Studio Solution File, Format Version 12.00
# Visual Studio Version 17
VisualStudioVersion = 17.11.35327.3
MinimumVisualStudioVersion = 10.0.40219.1
Project("{FAE04EC0-301F-11D3-BF4B-00C04F79EFBC}") = "Proiect", "Proiect\Proiect.csproj", "{6322FA1E-5D54-4F4F-A767-91040B83475D}"
EndProject
Project("{2150E333-8FDC-42A3-9474-1A3956D46DE8}") = "Solution Items", "Solution Items", "{AD74CE9F-2DF1-495B-A3E6-DA7A844317AB}"
EndProject
Global
	GlobalSection(SolutionConfigurationPlatforms) = preSolution
		Debug|Any CPU = Debug|Any CPU
		Release|Any CPU = Release|Any CPU
	EndGlobalSection
	GlobalSection(ProjectConfigurationPlatforms) = postSolution
		{6322FA1E-5D54-4F4F-A767-91040B83475D}.Debug|Any CPU.ActiveCfg = Debug|Any CPU
		{6322FA1E-5D54-4F4F-A767-91040B83475D}.Debug|Any CPU.Build.0 = Debug|Any CPU
		{6322FA1E-5D54-4F4F-A767-91040B83475D}.Release|Any CPU.ActiveCfg = Release|Any CPU
		{6322FA1E-5D54-4F4F-A767-91040B83475D}.Release|Any CPU.Build.0 = Release|Any CPU
	EndGlobalSection
	GlobalSection(SolutionProperties) = preSolution
		HideSolutionNode = FALSE
	EndGlobalSection
	GlobalSection(ExtensibilityGlobals) = postSolution
		SolutionGuid = {A1AE827B-9BF0-40C2-A807-4E0C082E6F36}
	EndGlobalSection
EndGlobal
